
Microsoft Visual Studio Solution File, Format Version 12.00
# Visual Studio Version 16
VisualStudioVersion = 16.0.29215.179
MinimumVisualStudioVersion = 10.0.40219.1
Project("{FAE04EC0-301F-11D3-BF4B-00C04F79EFBC}") = "B1812309_PTThuy", "B1812309_PTThuy\B1812309_PTThuy.csproj", "{F65B9F88-0276-4F98-B695-6200FF5EF899}"
EndProject
Global
	GlobalSection(SolutionConfigurationPlatforms) = preSolution
		Debug|Any CPU = Debug|Any CPU
		Release|Any CPU = Release|Any CPU
	EndGlobalSection
	GlobalSection(ProjectConfigurationPlatforms) = postSolution
		{F65B9F88-0276-4F98-B695-6200FF5EF899}.Debug|Any CPU.ActiveCfg = Debug|Any CPU
		{F65B9F88-0276-4F98-B695-6200FF5EF899}.Debug|Any CPU.Build.0 = Debug|Any CPU
		{F65B9F88-0276-4F98-B695-6200FF5EF899}.Release|Any CPU.ActiveCfg = Release|Any CPU
		{F65B9F88-0276-4F98-B695-6200FF5EF899}.Release|Any CPU.Build.0 = Release|Any CPU
	EndGlobalSection
	GlobalSection(SolutionProperties) = preSolution
		HideSolutionNode = FALSE
	EndGlobalSection
	GlobalSection(ExtensibilityGlobals) = postSolution
		SolutionGuid = {BF8BC3ED-9DD6-4A56-89DC-9CC78C564650}
	EndGlobalSection
EndGlobal
